{
  "requires": true,
  "lockfileVersion": 1,
  "dependencies": {
    "asn1": {
      "version": "0.2.4",
      "resolved": "https://registry.npm.taobao.org/asn1/download/asn1-0.2.4.tgz",
      "requires": {
        "safer-buffer": "~2.1.0"
      },
      "dependencies": {
        "safer-buffer": {
          "version": "https://registry.nlark.com/safer-buffer/download/safer-buffer-2.1.2.tgz"
        }
      }
    },
    "bcrypt-pbkdf": {
      "version": "1.0.2",
      "resolved": "https://registry.npm.taobao.org/bcrypt-pbkdf/download/bcrypt-pbkdf-1.0.2.tgz",
      "requires": {
        "tweetnacl": "^0.14.3"
      },
      "dependencies": {
        "tweetnacl": {
          "version": "https://registry.npm.taobao.org/tweetnacl/download/tweetnacl-0.14.5.tgz"
        }
      }
    },
    "cpu-features": {
      "version": "0.0.2",
      "resolved": "https://registry.nlark.com/cpu-features/download/cpu-features-0.0.2.tgz",
      "optional": true,
      "requires": {
        "nan": "^2.14.1"
      },
      "dependencies": {
        "nan": {
          "version": "https://registry.nlark.com/nan/download/nan-2.14.2.tgz"
        }
      }
    },
    "nan": {
      "version": "2.14.2",
      "resolved": "https://registry.nlark.com/nan/download/nan-2.14.2.tgz",
      "optional": true
    },
    "safer-buffer": {
      "version": "2.1.2",
      "resolved": "https://registry.nlark.com/safer-buffer/download/safer-buffer-2.1.2.tgz"
    },
    "ssh2": {
      "version": "1.1.0",
      "resolved": "https://registry.nlark.com/ssh2/download/ssh2-1.1.0.tgz",
      "integrity": "sha1-Q90kkw4V4xdof1Gda0AnDZzQDQA=",
      "requires": {
        "asn1": "^0.2.4",
        "bcrypt-pbkdf": "^1.0.2",
        "cpu-features": "0.0.2",
        "nan": "^2.14.2"
      }
    },
    "tweetnacl": {
      "version": "0.14.5",
      "resolved": "https://registry.npm.taobao.org/tweetnacl/download/tweetnacl-0.14.5.tgz"
    }
  }
}
